
Microsoft Visual Studio Solution File, Format Version 12.00
# Visual Studio 14
VisualStudioVersion = 14.0.25420.1
MinimumVisualStudioVersion = 10.0.40219.1
Project("{FAE04EC0-301F-11D3-BF4B-00C04F79EFBC}") = "CMDATmega328Programmer", "CMDATmega328Programmer\CMDATmega328Programmer.csproj", "{DAE8FF0C-44DE-4023-BF7B-7A4AF499906D}"
EndProject
Project("{FAE04EC0-301F-11D3-BF4B-00C04F79EFBC}") = "ATmegaProgrammer", "ATmegaProgrammer\ATmegaProgrammer.csproj", "{6820AFC8-F8FE-442E-AD93-86C6A08368FB}"
EndProject
Global
	GlobalSection(SolutionConfigurationPlatforms) = preSolution
		Debug|Any CPU = Debug|Any CPU
		Release|Any CPU = Release|Any CPU
	EndGlobalSection
	GlobalSection(ProjectConfigurationPlatforms) = postSolution
		{DAE8FF0C-44DE-4023-BF7B-7A4AF499906D}.Debug|Any CPU.ActiveCfg = Debug|Any CPU
		{DAE8FF0C-44DE-4023-BF7B-7A4AF499906D}.Debug|Any CPU.Build.0 = Debug|Any CPU
		{DAE8FF0C-44DE-4023-BF7B-7A4AF499906D}.Release|Any CPU.ActiveCfg = Release|Any CPU
		{DAE8FF0C-44DE-4023-BF7B-7A4AF499906D}.Release|Any CPU.Build.0 = Release|Any CPU
		{6820AFC8-F8FE-442E-AD93-86C6A08368FB}.Debug|Any CPU.ActiveCfg = Debug|Any CPU
		{6820AFC8-F8FE-442E-AD93-86C6A08368FB}.Debug|Any CPU.Build.0 = Debug|Any CPU
		{6820AFC8-F8FE-442E-AD93-86C6A08368FB}.Release|Any CPU.ActiveCfg = Release|Any CPU
		{6820AFC8-F8FE-442E-AD93-86C6A08368FB}.Release|Any CPU.Build.0 = Release|Any CPU
	EndGlobalSection
	GlobalSection(SolutionProperties) = preSolution
		HideSolutionNode = FALSE
	EndGlobalSection
EndGlobal
